// !$*UTF8*$!
{
	archiveVersion = 1;
	classes = {
	};
	objectVersion = 50;
	objects = {

/* Begin PBXBuildFile section */
		A3B5125824A790A100B0A6D5 /* AppDelegate.m in Sources */ = {isa = PBXBuildFile; fileRef = A3B5125724A790A100B0A6D5 /* AppDelegate.m */; };
		A3B5125B24A790A100B0A6D5 /* SceneDelegate.m in Sources */ = {isa = PBXBuildFile; fileRef = A3B5125A24A790A100B0A6D5 /* SceneDelegate.m */; };
		A3B5125E24A790A100B0A6D5 /* ViewController.m in Sources */ = {isa = PBXBuildFile; fileRef = A3B5125D24A790A100B0A6D5 /* ViewController.m */; };
		A3B5126124A790A100B0A6D5 /* Main.storyboard in Resources */ = {isa = PBXBuildFile; fileRef = A3B5125F24A790A100B0A6D5 /* Main.storyboard */; };
		A3B5126324A790A600B0A6D5 /* Assets.xcassets in Resources */ = {isa = PBXBuildFile; fileRef = A3B5126224A790A600B0A6D5 /* Assets.xcassets */; };
		A3B5126624A790A600B0A6D5 /* LaunchScreen.storyboard in Resources */ = {isa = PBXBuildFile; fileRef = A3B5126424A790A600B0A6D5 /* LaunchScreen.storyboard */; };
		A3B5126924A790A600B0A6D5 /* main.m in Sources */ = {isa = PBXBuildFile; fileRef = A3B5126824A790A600B0A6D5 /* main.m */; };
/* End PBXBuildFile section */

/* Begin PBXFileReference section */
		A3B5125324A790A000B0A6D5 /* podplugin.app */ = {isa = PBXFileReference; explicitFileType = wrapper.application; includeInIndex = 0; path = podplugin.app; sourceTree = BUILT_PRODUCTS_DIR; };
		A3B5125624A790A100B0A6D5 /* AppDelegate.h */ = {isa = PBXFileReference; lastKnownFileType = sourcecode.c.h; path = AppDelegate.h; sourceTree = "<group>"; };
		A3B5125724A790A100B0A6D5 /* AppDelegate.m */ = {isa = PBXFileReference; lastKnownFileType = sourcecode.c.objc; path = AppDelegate.m; sourceTree = "<group>"; };
		A3B5125924A790A100B0A6D5 /* SceneDelegate.h */ = {isa = PBXFileReference; lastKnownFileType = sourcecode.c.h; path = SceneDelegate.h; sourceTree = "<group>"; };
		A3B5125A24A790A100B0A6D5 /* SceneDelegate.m */ = {isa = PBXFileReference; lastKnownFileType = sourcecode.c.objc; path = SceneDelegate.m; sourceTree = "<group>"; };
		A3B5125C24A790A100B0A6D5 /* ViewController.h */ = {isa = PBXFileReference; lastKnownFileType = sourcecode.c.h; path = ViewController.h; sourceTree = "<group>"; };
		A3B5125D24A790A100B0A6D5 /* ViewController.m */ = {isa = PBXFileReference; lastKnownFileType = sourcecode.c.objc; path = ViewController.m; sourceTree = "<group>"; };
		A3B5126024A790A100B0A6D5 /* Base */ = {isa = PBXFileReference; lastKnownFileType = file.storyboard; name = Base; path = Base.lproj/Main.storyboard; sourceTree = "<group>"; };
		A3B5126224A790A600B0A6D5 /* Assets.xcassets */ = {isa = PBXFileReference; lastKnownFileType = folder.assetcatalog; path = Assets.xcassets; sourceTree = "<group>"; };
		A3B5126524A790A600B0A6D5 /* Base */ = {isa = PBXFileReference; lastKnownFileType = file.storyboard; name = Base; path = Base.lproj/LaunchScreen.storyboard; sourceTree = "<group>"; };
		A3B5126724A790A600B0A6D5 /* Info.plist */ = {isa = PBXFileReference; lastKnownFileType = text.plist.xml; path = Info.plist; sourceTree = "<group>"; };
		A3B5126824A790A600B0A6D5 /* main.m */ = {isa = PBXFileReference; lastKnownFileType = sourcecode.c.objc; path = main.m; sourceTree = "<group>"; };
/* End PBXFileReference section */

/* Begin PBXFrameworksBuildPhase section */
		A3B5125024A790A000B0A6D5 /* Frameworks */ = {
			isa = PBXFrameworksBuildPhase;
			buildActionMask = 2147483647;
			files = (
			);
			runOnlyForDeploymentPostprocessing = 0;
		};
/* End PBXFrameworksBuildPhase section */

/* Begin PBXGroup section */
		A3B5124A24A790A000B0A6D5 = {
			isa = PBXGroup;
			children = (
				A3B5125524A790A000B0A6D5 /* podplugin */,
				A3B5125424A790A000B0A6D5 /* Products */,
			);
			sourceTree = "<group>";
		};
		A3B5125424A790A000B0A6D5 /* Products */ = {
			isa = PBXGroup;
			children = (
				A3B5125324A790A000B0A6D5 /* podplugin.app */,
			);
			name = Products;
			sourceTree = "<group>";
		};
		A3B5125524A790A000B0A6D5 /* podplugin */ = {
			isa = PBXGroup;
			children = (
				A3B5125624A790A100B0A6D5 /* AppDelegate.h */,
				A3B5125724A790A100B0A6D5 /* AppDelegate.m */,
				A3B5125924A790A100B0A6D5 /* SceneDelegate.h */,
				A3B5125A24A790A100B0A6D5 /* SceneDelegate.m */,
				A3B5125C24A790A100B0A6D5 /* ViewController.h */,
				A3B5125D24A790A100B0A6D5 /* ViewController.m */,
				A3B5125F24A790A100B0A6D5 /* Main.storyboard */,
				A3B5126224A790A600B0A6D5 /* Assets.xcassets */,
				A3B5126424A790A600B0A6D5 /* LaunchScreen.storyboard */,
				A3B5126724A790A600B0A6D5 /* Info.plist */,
				A3B5126824A790A600B0A6D5 /* main.m */,
			);
			path = podplugin;
			sourceTree = "<group>";
		};
/* End PBXGroup section */

/* Begin PBXNativeTarget section */
		A3B5125224A790A000B0A6D5 /* podplugin */ = {
			isa = PBXNativeTarget;
			buildConfigurationList = A3B5126C24A790A600B0A6D5 /* Build configuration list for PBXNativeTarget "podplugin" */;
			buildPhases = (
				A3B5124F24A790A000B0A6D5 /* Sources */,
				A3B5125024A790A000B0A6D5 /* Frameworks */,
				A3B5125124A790A000B0A6D5 /* Resources */,
			);
			buildRules = (
			);
			dependencies = (
			);
			name = podplugin;
			productName = podplugin;
			productReference = A3B5125324A790A000B0A6D5 /* podplugin.app */;
			productType = "com.apple.product-type.application";
		};
/* End PBXNativeTarget section */

/* Begin PBXProject section */
		A3B5124B24A790A000B0A6D5 /* Project object */ = {
			isa = PBXProject;
			attributes = {
				LastUpgradeCheck = 1130;
				ORGANIZATIONNAME = "王帅广";
				TargetAttributes = {
					A3B5125224A790A000B0A6D5 = {
						CreatedOnToolsVersion = 11.3.1;
					};
				};
			};
			buildConfigurationList = A3B5124E24A790A000B0A6D5 /* Build configuration list for PBXProject "podplugin" */;
			compatibilityVersion = "Xcode 9.3";
			developmentRegion = en;
			hasScannedForEncodings = 0;
			knownRegions = (
				en,
				Base,
			);
			mainGroup = A3B5124A24A790A000B0A6D5;
			productRefGroup = A3B5125424A790A000B0A6D5 /* Products */;
			projectDirPath = "";
			projectRoot = "";
			targets = (
				A3B5125224A790A000B0A6D5 /* podplugin */,
			);
		};
/* End PBXProject section */

/* Begin PBXResourcesBuildPhase section */
		A3B5125124A790A000B0A6D5 /* Resources */ = {
			isa = PBXResourcesBuildPhase;
			buildActionMask = 2147483647;
			files = (
				A3B5126624A790A600B0A6D5 /* LaunchScreen.storyboard in Resources */,
				A3B5126324A790A600B0A6D5 /* Assets.xcassets in Resources */,
				A3B5126124A790A100B0A6D5 /* Main.storyboard in Resources */,
			);
			runOnlyForDeploymentPostprocessing = 0;
		};
/* End PBXResourcesBuildPhase section */

/* Begin PBXSourcesBuildPhase section */
		A3B5124F24A790A000B0A6D5 /* Sources */ = {
			isa = PBXSourcesBuildPhase;
			buildActionMask = 2147483647;
			files = (
				A3B5125E24A790A100B0A6D5 /* ViewController.m in Sources */,
				A3B5125824A790A100B0A6D5 /* AppDelegate.m in Sources */,
				A3B5126924A790A600B0A6D5 /* main.m in Sources */,
				A3B5125B24A790A100B0A6D5 /* SceneDelegate.m in Sources */,
			);
			runOnlyForDeploymentPostprocessing = 0;
		};
/* End PBXSourcesBuildPhase section */

/* Begin PBXVariantGroup section */
		A3B5125F24A790A100B0A6D5 /* Main.storyboard */ = {
			isa = PBXVariantGroup;
			children = (
				A3B5126024A790A100B0A6D5 /* Base */,
			);
			name = Main.storyboard;
			sourceTree = "<group>";
		};
		A3B5126424A790A600B0A6D5 /* LaunchScreen.storyboard */ = {
			isa = PBXVariantGroup;
			children = (
				A3B5126524A790A600B0A6D5 /* Base */,
			);
			name = LaunchScreen.storyboard;
			sourceTree = "<group>";
		};
/* End PBXVariantGroup section */

/* Begin XCBuildConfiguration section */
		A3B5126A24A790A600B0A6D5 /* Debug */ = {
			isa = XCBuildConfiguration;
			buildSettings = {
				ALWAYS_SEARCH_USER_PATHS = NO;
				CLANG_ANALYZER_NONNULL = YES;
				CLANG_ANALYZER_NUMBER_OBJECT_CONVERSION = YES_AGGRESSIVE;
				CLANG_CXX_LANGUAGE_STANDARD = "gnu++14";
				CLANG_CXX_LIBRARY = "libc++";
				CLANG_ENABLE_MODULES = YES;
				CLANG_ENABLE_OBJC_ARC = YES;
				CLANG_ENABLE_OBJC_WEAK = YES;
				CLANG_WARN_BLOCK_CAPTURE_AUTORELEASING = YES;
				CLANG_WARN_BOOL_CONVERSION = YES;
				CLANG_WARN_COMMA = YES;
				CLANG_WARN_CONSTANT_CONVERSION = YES;
				CLANG_WARN_DEPRECATED_OBJC_IMPLEMENTATIONS = YES;
				CLANG_WARN_DIRECT_OBJC_ISA_USAGE = YES_ERROR;
				CLANG_WARN_DOCUMENTATION_COMMENTS = YES;
				CLANG_WARN_EMPTY_BODY = YES;
				CLANG_WARN_ENUM_CONVERSION = YES;
				CLANG_WARN_INFINITE_RECURSION = YES;
				CLANG_WARN_INT_CONVERSION = YES;
				CLANG_WARN_NON_LITERAL_NULL_CONVERSION = YES;
				CLANG_WARN_OBJC_IMPLICIT_RETAIN_SELF = YES;
				CLANG_WARN_OBJC_LITERAL_CONVERSION = YES;
				CLANG_WARN_OBJC_ROOT_CLASS = YES_ERROR;
				CLANG_WARN_RANGE_LOOP_ANALYSIS = YES;
				CLANG_WARN_STRICT_PROTOTYPES = YES;
				CLANG_WARN_SUSPICIOUS_MOVE = YES;
				CLANG_WARN_UNGUARDED_AVAILABILITY = YES_AGGRESSIVE;
				CLANG_WARN_UNREACHABLE_CODE = YES;
				CLANG_WARN__DUPLICATE_METHOD_MATCH = YES;
				COPY_PHASE_STRIP = NO;
				DEBUG_INFORMATION_FORMAT = dwarf;
				ENABLE_STRICT_OBJC_MSGSEND = YES;
				ENABLE_TESTABILITY = YES;
				GCC_C_LANGUAGE_STANDARD = gnu11;
				GCC_DYNAMIC_NO_PIC = NO;
				GCC_NO_COMMON_BLOCKS = YES;
				GCC_OPTIMIZATION_LEVEL = 0;
				GCC_PREPROCESSOR_DEFINITIONS = (
					"DEBUG=1",
					"$(inherited)",
				);
				GCC_WARN_64_TO_32_BIT_CONVERSION = YES;
				GCC_WARN_ABOUT_RETURN_TYPE = YES_ERROR;
				GCC_WARN_UNDECLARED_SELECTOR = YES;
				GCC_WARN_UNINITIALIZED_AUTOS = YES_AGGRESSIVE;
				GCC_WARN_UNUSED_FUNCTION = YES;
				GCC_WARN_UNUSED_VARIABLE = YES;
				IPHONEOS_DEPLOYMENT_TARGET = 13.2;
				MTL_ENABLE_DEBUG_INFO = INCLUDE_SOURCE;
				MTL_FAST_MATH = YES;
				ONLY_ACTIVE_ARCH = YES;
				SDKROOT = iphoneos;
			};
			name = Debug;
		};
		A3B5126B24A790A600B0A6D5 /* Release */ = {
			isa = XCBuildConfiguration;
			buildSettings = {
				ALWAYS_SEARCH_USER_PATHS = NO;
				CLANG_ANALYZER_NONNULL = YES;
				CLANG_ANALYZER_NUMBER_OBJECT_CONVERSION = YES_AGGRESSIVE;
				CLANG_CXX_LANGUAGE_STANDARD = "gnu++14";
				CLANG_CXX_LIBRARY = "libc++";
				CLANG_ENABLE_MODULES = YES;
				CLANG_ENABLE_OBJC_ARC = YES;
				CLANG_ENABLE_OBJC_WEAK = YES;
				CLANG_WARN_BLOCK_CAPTURE_AUTORELEASING = YES;
				CLANG_WARN_BOOL_CONVERSION = YES;
				CLANG_WARN_COMMA = YES;
				CLANG_WARN_CONSTANT_CONVERSION = YES;
				CLANG_WARN_DEPRECATED_OBJC_IMPLEMENTATIONS = YES;
				CLANG_WARN_DIRECT_OBJC_ISA_USAGE = YES_ERROR;
				CLANG_WARN_DOCUMENTATION_COMMENTS = YES;
				CLANG_WARN_EMPTY_BODY = YES;
				CLANG_WARN_ENUM_CONVERSION = YES;
				CLANG_WARN_INFINITE_RECURSION = YES;
				CLANG_WARN_INT_CONVERSION = YES;
				CLANG_WARN_NON_LITERAL_NULL_CONVERSION = YES;
				CLANG_WARN_OBJC_IMPLICIT_RETAIN_SELF = YES;
				CLANG_WARN_OBJC_LITERAL_CONVERSION = YES;
				CLANG_WARN_OBJC_ROOT_CLASS = YES_ERROR;
				CLANG_WARN_RANGE_LOOP_ANALYSIS = YES;
				CLANG_WARN_STRICT_PROTOTYPES = YES;
				CLANG_WARN_SUSPICIOUS_MOVE = YES;
				CLANG_WARN_UNGUARDED_AVAILABILITY = YES_AGGRESSIVE;
				CLANG_WARN_UNREACHABLE_CODE = YES;
				CLANG_WARN__DUPLICATE_METHOD_MATCH = YES;
				COPY_PHASE_STRIP = NO;
				DEBUG_INFORMATION_FORMAT = "dwarf-with-dsym";
				ENABLE_NS_ASSERTIONS = NO;
				ENABLE_STRICT_OBJC_MSGSEND = YES;
				GCC_C_LANGUAGE_STANDARD = gnu11;
				GCC_NO_COMMON_BLOCKS = YES;
				GCC_WARN_64_TO_32_BIT_CONVERSION = YES;
				GCC_WARN_ABOUT_RETURN_TYPE = YES_ERROR;
				GCC_WARN_UNDECLARED_SELECTOR = YES;
				GCC_WARN_UNINITIALIZED_AUTOS = YES_AGGRESSIVE;
				GCC_WARN_UNUSED_FUNCTION = YES;
				GCC_WARN_UNUSED_VARIABLE = YES;
				IPHONEOS_DEPLOYMENT_TARGET = 13.2;
				MTL_ENABLE_DEBUG_INFO = NO;
				MTL_FAST_MATH = YES;
				SDKROOT = iphoneos;
				VALIDATE_PRODUCT = YES;
			};
			name = Release;
		};
		A3B5126D24A790A600B0A6D5 /* Debug */ = {
			isa = XCBuildConfiguration;
			buildSettings = {
				ASSETCATALOG_COMPILER_APPICON_NAME = AppIcon;
				CODE_SIGN_STYLE = Automatic;
				DEVELOPMENT_TEAM = Z69E6E9UCV;
				INFOPLIST_FILE = podplugin/Info.plist;
				LD_RUNPATH_SEARCH_PATHS = (
					"$(inherited)",
					"@executable_path/Frameworks",
				);
				PRODUCT_BUNDLE_IDENTIFIER = com.bankhui.podplugin;
				PRODUCT_NAME = "$(TARGET_NAME)";
				TARGETED_DEVICE_FAMILY = "1,2";
			};
			name = Debug;
		};
		A3B5126E24A790A600B0A6D5 /* Release */ = {
			isa = XCBuildConfiguration;
			buildSettings = {
				ASSETCATALOG_COMPILER_APPICON_NAME = AppIcon;
				CODE_SIGN_STYLE = Automatic;
				DEVELOPMENT_TEAM = Z69E6E9UCV;
				INFOPLIST_FILE = podplugin/Info.plist;
				LD_RUNPATH_SEARCH_PATHS = (
					"$(inherited)",
					"@executable_path/Frameworks",
				);
				PRODUCT_BUNDLE_IDENTIFIER = com.bankhui.podplugin;
				PRODUCT_NAME = "$(TARGET_NAME)";
				TARGETED_DEVICE_FAMILY = "1,2";
			};
			name = Release;
		};
/* End XCBuildConfiguration section */

/* Begin XCConfigurationList section */
		A3B5124E24A790A000B0A6D5 /* Build configuration list for PBXProject "podplugin" */ = {
			isa = XCConfigurationList;
			buildConfigurations = (
				A3B5126A24A790A600B0A6D5 /* Debug */,
				A3B5126B24A790A600B0A6D5 /* Release */,
			);
			defaultConfigurationIsVisible = 0;
			defaultConfigurationName = Release;
		};
		A3B5126C24A790A600B0A6D5 /* Build configuration list for PBXNativeTarget "podplugin" */ = {
			isa = XCConfigurationList;
			buildConfigurations = (
				A3B5126D24A790A600B0A6D5 /* Debug */,
				A3B5126E24A790A600B0A6D5 /* Release */,
			);
			defaultConfigurationIsVisible = 0;
			defaultConfigurationName = Release;
		};
/* End XCConfigurationList section */
	};
	rootObject = A3B5124B24A790A000B0A6D5 /* Project object */;
}
